
Microsoft Visual Studio Solution File, Format Version 12.00
# Visual Studio Version 16
VisualStudioVersion = 16.0.31702.278
MinimumVisualStudioVersion = 10.0.40219.1
Project("{FAE04EC0-301F-11D3-BF4B-00C04F79EFBC}") = "CryptoNotifier", "CryptoNotifier\CryptoNotifier.csproj", "{9A19F644-5255-456F-9C04-E312EE7591FD}"
EndProject
Global
	GlobalSection(SolutionConfigurationPlatforms) = preSolution
		Debug|Any CPU = Debug|Any CPU
		Release|Any CPU = Release|Any CPU
	EndGlobalSection
	GlobalSection(ProjectConfigurationPlatforms) = postSolution
		{9A19F644-5255-456F-9C04-E312EE7591FD}.Debug|Any CPU.ActiveCfg = Debug|Any CPU
		{9A19F644-5255-456F-9C04-E312EE7591FD}.Debug|Any CPU.Build.0 = Debug|Any CPU
		{9A19F644-5255-456F-9C04-E312EE7591FD}.Release|Any CPU.ActiveCfg = Release|Any CPU
		{9A19F644-5255-456F-9C04-E312EE7591FD}.Release|Any CPU.Build.0 = Release|Any CPU
	EndGlobalSection
	GlobalSection(SolutionProperties) = preSolution
		HideSolutionNode = FALSE
	EndGlobalSection
	GlobalSection(ExtensibilityGlobals) = postSolution
		SolutionGuid = {DAA57085-0D64-4AD3-9B6D-BCA81E2132B0}
	EndGlobalSection
EndGlobal
